
Microsoft Visual Studio Solution File, Format Version 12.00
# Visual Studio Version 17
VisualStudioVersion = 17.1.32328.378
MinimumVisualStudioVersion = 10.0.40219.1
Project("{9A19103F-16F7-4668-BE54-9A1E7A4F7556}") = "LocationsApp", "LocationsApp\LocationsApp.csproj", "{3F361C3F-7C90-4C5A-9F83-763A10042377}"
EndProject
Project("{9A19103F-16F7-4668-BE54-9A1E7A4F7556}") = "LocationsApp.DataAccess", "LocationsApp.DataAccess\LocationsApp.DataAccess.csproj", "{8EB5D768-1C2F-47C4-87D9-1970F7F7D5C3}"
EndProject
Global
	GlobalSection(SolutionConfigurationPlatforms) = preSolution
		Debug|Any CPU = Debug|Any CPU
		Release|Any CPU = Release|Any CPU
	EndGlobalSection
	GlobalSection(ProjectConfigurationPlatforms) = postSolution
		{3F361C3F-7C90-4C5A-9F83-763A10042377}.Debug|Any CPU.ActiveCfg = Debug|Any CPU
		{3F361C3F-7C90-4C5A-9F83-763A10042377}.Debug|Any CPU.Build.0 = Debug|Any CPU
		{3F361C3F-7C90-4C5A-9F83-763A10042377}.Release|Any CPU.ActiveCfg = Release|Any CPU
		{3F361C3F-7C90-4C5A-9F83-763A10042377}.Release|Any CPU.Build.0 = Release|Any CPU
		{8EB5D768-1C2F-47C4-87D9-1970F7F7D5C3}.Debug|Any CPU.ActiveCfg = Debug|Any CPU
		{8EB5D768-1C2F-47C4-87D9-1970F7F7D5C3}.Debug|Any CPU.Build.0 = Debug|Any CPU
		{8EB5D768-1C2F-47C4-87D9-1970F7F7D5C3}.Release|Any CPU.ActiveCfg = Release|Any CPU
		{8EB5D768-1C2F-47C4-87D9-1970F7F7D5C3}.Release|Any CPU.Build.0 = Release|Any CPU
	EndGlobalSection
	GlobalSection(SolutionProperties) = preSolution
		HideSolutionNode = FALSE
	EndGlobalSection
	GlobalSection(ExtensibilityGlobals) = postSolution
		SolutionGuid = {57540AC3-8A9A-40D7-AA94-A5F27627C847}
	EndGlobalSection
EndGlobal
